
Microsoft Visual Studio Solution File, Format Version 12.00
# Visual Studio Version 16
VisualStudioVersion = 16.0.34031.81
MinimumVisualStudioVersion = 10.0.40219.1
Project("{FAE04EC0-301F-11D3-BF4B-00C04F79EFBC}") = "DesafioThera", "DesafioThera\DesafioThera.csproj", "{472DB045-450A-4909-87C5-068EF05BF3A5}"
EndProject
Project("{2150E333-8FDC-42A3-9474-1A3956D46DE8}") = "4 - Infra", "4 - Infra", "{0088218C-1E8A-432C-8DC6-0DE5909ECC50}"
EndProject
Project("{2150E333-8FDC-42A3-9474-1A3956D46DE8}") = "0 - Presentation", "0 - Presentation", "{D91591C2-D0A1-4EBA-961F-83576847B46A}"
EndProject
Project("{FAE04EC0-301F-11D3-BF4B-00C04F79EFBC}") = "Identity", "Identity\Identity.csproj", "{F3B09A02-E147-4159-81FA-8D3939285DA0}"
EndProject
Project("{2150E333-8FDC-42A3-9474-1A3956D46DE8}") = "1 - Application", "1 - Application", "{B2C951EC-4C34-4EAE-AE27-34CBA11B2DC8}"
EndProject
Project("{FAE04EC0-301F-11D3-BF4B-00C04F79EFBC}") = "Application", "Application\Application.csproj", "{88F06197-A9EF-4764-BDAB-E8A59709004D}"
EndProject
Project("{2150E333-8FDC-42A3-9474-1A3956D46DE8}") = "3 - Domain", "3 - Domain", "{53ED91B1-0565-4D99-B6F5-E8AAF080F123}"
EndProject
Project("{FAE04EC0-301F-11D3-BF4B-00C04F79EFBC}") = "Domain", "Domain\Domain.csproj", "{B58A41CD-852C-4895-A025-29AF800F6EA0}"
EndProject
Project("{2150E333-8FDC-42A3-9474-1A3956D46DE8}") = "4.1 - CrossCutting", "4.1 - CrossCutting", "{082C9E23-57B1-43B0-93A0-3A90DA0D811A}"
EndProject
Project("{FAE04EC0-301F-11D3-BF4B-00C04F79EFBC}") = "CrossCutting", "CrossCutting\CrossCutting.csproj", "{C60CD6CC-FFA3-46D7-B14B-A492B63F75EF}"
EndProject
Project("{2150E333-8FDC-42A3-9474-1A3956D46DE8}") = "4.2 - Data", "4.2 - Data", "{3C25FCE6-5AA0-4DA5-B51A-B7DDFEDA830E}"
EndProject
Project("{FAE04EC0-301F-11D3-BF4B-00C04F79EFBC}") = "Data", "Data\Data.csproj", "{3AC75318-A73E-4BE2-B3FE-F2DEFB2680E0}"
EndProject
Project("{2150E333-8FDC-42A3-9474-1A3956D46DE8}") = "2 - Service", "2 - Service", "{C3593F05-0B05-4DA1-A145-0A0DDD149C9D}"
EndProject
Project("{FAE04EC0-301F-11D3-BF4B-00C04F79EFBC}") = "Service", "Service\Service.csproj", "{089BACB3-C5CC-4EF0-8135-136C522A0AC2}"
EndProject
Project("{2150E333-8FDC-42A3-9474-1A3956D46DE8}") = "5 - WebApi", "5 - WebApi", "{3F5FE35A-91D8-45D4-A988-A10FB1C54D7D}"
EndProject
Project("{FAE04EC0-301F-11D3-BF4B-00C04F79EFBC}") = "DesafioApi", "DesafioApi\DesafioApi.csproj", "{C87D73F5-CE3C-4C91-A58A-5EF463EBECD9}"
EndProject
Global
	GlobalSection(SolutionConfigurationPlatforms) = preSolution
		Debug|Any CPU = Debug|Any CPU
		Release|Any CPU = Release|Any CPU
	EndGlobalSection
	GlobalSection(ProjectConfigurationPlatforms) = postSolution
		{472DB045-450A-4909-87C5-068EF05BF3A5}.Debug|Any CPU.ActiveCfg = Debug|Any CPU
		{472DB045-450A-4909-87C5-068EF05BF3A5}.Debug|Any CPU.Build.0 = Debug|Any CPU
		{472DB045-450A-4909-87C5-068EF05BF3A5}.Release|Any CPU.ActiveCfg = Release|Any CPU
		{472DB045-450A-4909-87C5-068EF05BF3A5}.Release|Any CPU.Build.0 = Release|Any CPU
		{F3B09A02-E147-4159-81FA-8D3939285DA0}.Debug|Any CPU.ActiveCfg = Debug|Any CPU
		{F3B09A02-E147-4159-81FA-8D3939285DA0}.Debug|Any CPU.Build.0 = Debug|Any CPU
		{F3B09A02-E147-4159-81FA-8D3939285DA0}.Release|Any CPU.ActiveCfg = Release|Any CPU
		{F3B09A02-E147-4159-81FA-8D3939285DA0}.Release|Any CPU.Build.0 = Release|Any CPU
		{88F06197-A9EF-4764-BDAB-E8A59709004D}.Debug|Any CPU.ActiveCfg = Debug|Any CPU
		{88F06197-A9EF-4764-BDAB-E8A59709004D}.Debug|Any CPU.Build.0 = Debug|Any CPU
		{88F06197-A9EF-4764-BDAB-E8A59709004D}.Release|Any CPU.ActiveCfg = Release|Any CPU
		{88F06197-A9EF-4764-BDAB-E8A59709004D}.Release|Any CPU.Build.0 = Release|Any CPU
		{B58A41CD-852C-4895-A025-29AF800F6EA0}.Debug|Any CPU.ActiveCfg = Debug|Any CPU
		{B58A41CD-852C-4895-A025-29AF800F6EA0}.Debug|Any CPU.Build.0 = Debug|Any CPU
		{B58A41CD-852C-4895-A025-29AF800F6EA0}.Release|Any CPU.ActiveCfg = Release|Any CPU
		{B58A41CD-852C-4895-A025-29AF800F6EA0}.Release|Any CPU.Build.0 = Release|Any CPU
		{C60CD6CC-FFA3-46D7-B14B-A492B63F75EF}.Debug|Any CPU.ActiveCfg = Debug|Any CPU
		{C60CD6CC-FFA3-46D7-B14B-A492B63F75EF}.Debug|Any CPU.Build.0 = Debug|Any CPU
		{C60CD6CC-FFA3-46D7-B14B-A492B63F75EF}.Release|Any CPU.ActiveCfg = Release|Any CPU
		{C60CD6CC-FFA3-46D7-B14B-A492B63F75EF}.Release|Any CPU.Build.0 = Release|Any CPU
		{3AC75318-A73E-4BE2-B3FE-F2DEFB2680E0}.Debug|Any CPU.ActiveCfg = Debug|Any CPU
		{3AC75318-A73E-4BE2-B3FE-F2DEFB2680E0}.Debug|Any CPU.Build.0 = Debug|Any CPU
		{3AC75318-A73E-4BE2-B3FE-F2DEFB2680E0}.Release|Any CPU.ActiveCfg = Release|Any CPU
		{3AC75318-A73E-4BE2-B3FE-F2DEFB2680E0}.Release|Any CPU.Build.0 = Release|Any CPU
		{089BACB3-C5CC-4EF0-8135-136C522A0AC2}.Debug|Any CPU.ActiveCfg = Debug|Any CPU
		{089BACB3-C5CC-4EF0-8135-136C522A0AC2}.Debug|Any CPU.Build.0 = Debug|Any CPU
		{089BACB3-C5CC-4EF0-8135-136C522A0AC2}.Release|Any CPU.ActiveCfg = Release|Any CPU
		{089BACB3-C5CC-4EF0-8135-136C522A0AC2}.Release|Any CPU.Build.0 = Release|Any CPU
		{C87D73F5-CE3C-4C91-A58A-5EF463EBECD9}.Debug|Any CPU.ActiveCfg = Debug|Any CPU
		{C87D73F5-CE3C-4C91-A58A-5EF463EBECD9}.Debug|Any CPU.Build.0 = Debug|Any CPU
		{C87D73F5-CE3C-4C91-A58A-5EF463EBECD9}.Release|Any CPU.ActiveCfg = Release|Any CPU
		{C87D73F5-CE3C-4C91-A58A-5EF463EBECD9}.Release|Any CPU.Build.0 = Release|Any CPU
	EndGlobalSection
	GlobalSection(SolutionProperties) = preSolution
		HideSolutionNode = FALSE
	EndGlobalSection
	GlobalSection(NestedProjects) = preSolution
		{472DB045-450A-4909-87C5-068EF05BF3A5} = {D91591C2-D0A1-4EBA-961F-83576847B46A}
		{F3B09A02-E147-4159-81FA-8D3939285DA0} = {082C9E23-57B1-43B0-93A0-3A90DA0D811A}
		{88F06197-A9EF-4764-BDAB-E8A59709004D} = {B2C951EC-4C34-4EAE-AE27-34CBA11B2DC8}
		{B58A41CD-852C-4895-A025-29AF800F6EA0} = {53ED91B1-0565-4D99-B6F5-E8AAF080F123}
		{082C9E23-57B1-43B0-93A0-3A90DA0D811A} = {0088218C-1E8A-432C-8DC6-0DE5909ECC50}
		{C60CD6CC-FFA3-46D7-B14B-A492B63F75EF} = {082C9E23-57B1-43B0-93A0-3A90DA0D811A}
		{3C25FCE6-5AA0-4DA5-B51A-B7DDFEDA830E} = {0088218C-1E8A-432C-8DC6-0DE5909ECC50}
		{3AC75318-A73E-4BE2-B3FE-F2DEFB2680E0} = {3C25FCE6-5AA0-4DA5-B51A-B7DDFEDA830E}
		{089BACB3-C5CC-4EF0-8135-136C522A0AC2} = {C3593F05-0B05-4DA1-A145-0A0DDD149C9D}
		{C87D73F5-CE3C-4C91-A58A-5EF463EBECD9} = {3F5FE35A-91D8-45D4-A988-A10FB1C54D7D}
	EndGlobalSection
	GlobalSection(ExtensibilityGlobals) = postSolution
		SolutionGuid = {16B132E0-596B-47BC-BB6B-CF26ED1D4465}
	EndGlobalSection
EndGlobal
